
Microsoft Visual Studio Solution File, Format Version 12.00
# Visual Studio 15
VisualStudioVersion = 15.0.28307.2017
MinimumVisualStudioVersion = 10.0.40219.1
Project("{FAE04EC0-301F-11D3-BF4B-00C04F79EFBC}") = "坐标与坐标系转换", "坐标转换\坐标与坐标系转换.csproj", "{F61DCA6B-6D6D-4C8A-987E-D39E5C044D5C}"
EndProject
Global
	GlobalSection(SolutionConfigurationPlatforms) = preSolution
		Debug|Any CPU = Debug|Any CPU
		Release|Any CPU = Release|Any CPU
	EndGlobalSection
	GlobalSection(ProjectConfigurationPlatforms) = postSolution
		{F61DCA6B-6D6D-4C8A-987E-D39E5C044D5C}.Debug|Any CPU.ActiveCfg = Debug|Any CPU
		{F61DCA6B-6D6D-4C8A-987E-D39E5C044D5C}.Debug|Any CPU.Build.0 = Debug|Any CPU
		{F61DCA6B-6D6D-4C8A-987E-D39E5C044D5C}.Release|Any CPU.ActiveCfg = Release|Any CPU
		{F61DCA6B-6D6D-4C8A-987E-D39E5C044D5C}.Release|Any CPU.Build.0 = Release|Any CPU
	EndGlobalSection
	GlobalSection(SolutionProperties) = preSolution
		HideSolutionNode = FALSE
	EndGlobalSection
	GlobalSection(ExtensibilityGlobals) = postSolution
		SolutionGuid = {C1DF7337-8C75-4AA5-987B-E8435038C6B7}
	EndGlobalSection
EndGlobal
